
Microsoft Visual Studio Solution File, Format Version 12.00
# Visual Studio Version 17
VisualStudioVersion = 17.0.31903.59
MinimumVisualStudioVersion = 10.0.40219.1
Project("{FAE04EC0-301F-11D3-BF4B-00C04F79EFBC}") = "API", "API\API.csproj", "{D8085FB5-ABF4-4802-9399-BB9F6C094B21}"
EndProject
Project("{FAE04EC0-301F-11D3-BF4B-00C04F79EFBC}") = "Core", "Core\Core.csproj", "{45931644-ABA9-47A8-B62B-BCC4BCB245BB}"
EndProject
Project("{FAE04EC0-301F-11D3-BF4B-00C04F79EFBC}") = "Infrastructure", "Infrastructure\Infrastructure.csproj", "{3439DA65-65FA-49E0-AE07-CEFB56225860}"
EndProject
Global
	GlobalSection(SolutionConfigurationPlatforms) = preSolution
		Debug|Any CPU = Debug|Any CPU
		Release|Any CPU = Release|Any CPU
	EndGlobalSection
	GlobalSection(SolutionProperties) = preSolution
		HideSolutionNode = FALSE
	EndGlobalSection
	GlobalSection(ProjectConfigurationPlatforms) = postSolution
		{D8085FB5-ABF4-4802-9399-BB9F6C094B21}.Debug|Any CPU.ActiveCfg = Debug|Any CPU
		{D8085FB5-ABF4-4802-9399-BB9F6C094B21}.Debug|Any CPU.Build.0 = Debug|Any CPU
		{D8085FB5-ABF4-4802-9399-BB9F6C094B21}.Release|Any CPU.ActiveCfg = Release|Any CPU
		{D8085FB5-ABF4-4802-9399-BB9F6C094B21}.Release|Any CPU.Build.0 = Release|Any CPU
		{45931644-ABA9-47A8-B62B-BCC4BCB245BB}.Debug|Any CPU.ActiveCfg = Debug|Any CPU
		{45931644-ABA9-47A8-B62B-BCC4BCB245BB}.Debug|Any CPU.Build.0 = Debug|Any CPU
		{45931644-ABA9-47A8-B62B-BCC4BCB245BB}.Release|Any CPU.ActiveCfg = Release|Any CPU
		{45931644-ABA9-47A8-B62B-BCC4BCB245BB}.Release|Any CPU.Build.0 = Release|Any CPU
		{3439DA65-65FA-49E0-AE07-CEFB56225860}.Debug|Any CPU.ActiveCfg = Debug|Any CPU
		{3439DA65-65FA-49E0-AE07-CEFB56225860}.Debug|Any CPU.Build.0 = Debug|Any CPU
		{3439DA65-65FA-49E0-AE07-CEFB56225860}.Release|Any CPU.ActiveCfg = Release|Any CPU
		{3439DA65-65FA-49E0-AE07-CEFB56225860}.Release|Any CPU.Build.0 = Release|Any CPU
	EndGlobalSection
EndGlobal
